
Microsoft Visual Studio Solution File, Format Version 12.00
# Visual Studio 14
VisualStudioVersion = 14.0.25420.1
MinimumVisualStudioVersion = 10.0.40219.1
Project("{2150E333-8FDC-42A3-9474-1A3956D46DE8}") = "src", "src", "{BFD834C5-92EF-4AF0-9289-BB50CD3CBD7E}"
EndProject
Project("{2150E333-8FDC-42A3-9474-1A3956D46DE8}") = "Solution Items", "Solution Items", "{E2977DCA-8B46-4D41-84AF-640B7370087D}"
	ProjectSection(SolutionItems) = preProject
		doc.md = doc.md
		global.json = global.json
	EndProjectSection
EndProject
Project("{8BB2217D-0F2D-49D1-97BC-3654ED321F3B}") = "TravelBuddy", "src\TravelBuddy\TravelBuddy.xproj", "{70F3A11A-C93A-446C-8AC9-270101928535}"
EndProject
Global
	GlobalSection(SolutionConfigurationPlatforms) = preSolution
		Debug|Any CPU = Debug|Any CPU
		Release|Any CPU = Release|Any CPU
	EndGlobalSection
	GlobalSection(ProjectConfigurationPlatforms) = postSolution
		{70F3A11A-C93A-446C-8AC9-270101928535}.Debug|Any CPU.ActiveCfg = Debug|Any CPU
		{70F3A11A-C93A-446C-8AC9-270101928535}.Debug|Any CPU.Build.0 = Debug|Any CPU
		{70F3A11A-C93A-446C-8AC9-270101928535}.Release|Any CPU.ActiveCfg = Release|Any CPU
		{70F3A11A-C93A-446C-8AC9-270101928535}.Release|Any CPU.Build.0 = Release|Any CPU
	EndGlobalSection
	GlobalSection(SolutionProperties) = preSolution
		HideSolutionNode = FALSE
	EndGlobalSection
	GlobalSection(NestedProjects) = preSolution
		{70F3A11A-C93A-446C-8AC9-270101928535} = {BFD834C5-92EF-4AF0-9289-BB50CD3CBD7E}
	EndGlobalSection
EndGlobal
